{
  "name": "discord-bot-247",
  "version": "1.0.0",
  "lockfileVersion": 3,
  "requires": true,
  "packages": {
    "": {
      "name": "discord-bot-247",
      "version": "1.0.0",
      "dependencies": {
        "discord.js": "^14.14.1",
        "@discordjs/voice": "^0.16.0",
        "tslib": "^2.6.2"
      }
    }
  }
}
